
Microsoft Visual Studio Solution File, Format Version 12.00
# Visual Studio Version 16
VisualStudioVersion = 16.0.31402.337
MinimumVisualStudioVersion = 10.0.40219.1
Project("{FAE04EC0-301F-11D3-BF4B-00C04F79EFBC}") = "Booker.Tests", "Booker.Tests\Booker.Tests.csproj", "{128AA720-9D5F-4C13-BAE9-D32A7B16851C}"
EndProject
Global
	GlobalSection(SolutionConfigurationPlatforms) = preSolution
		Debug|Any CPU = Debug|Any CPU
		Release|Any CPU = Release|Any CPU
	EndGlobalSection
	GlobalSection(ProjectConfigurationPlatforms) = postSolution
		{128AA720-9D5F-4C13-BAE9-D32A7B16851C}.Debug|Any CPU.ActiveCfg = Debug|Any CPU
		{128AA720-9D5F-4C13-BAE9-D32A7B16851C}.Debug|Any CPU.Build.0 = Debug|Any CPU
		{128AA720-9D5F-4C13-BAE9-D32A7B16851C}.Release|Any CPU.ActiveCfg = Release|Any CPU
		{128AA720-9D5F-4C13-BAE9-D32A7B16851C}.Release|Any CPU.Build.0 = Release|Any CPU
	EndGlobalSection
	GlobalSection(SolutionProperties) = preSolution
		HideSolutionNode = FALSE
	EndGlobalSection
	GlobalSection(ExtensibilityGlobals) = postSolution
		SolutionGuid = {9B282669-1A6B-4434-A771-7F2B05B9689D}
	EndGlobalSection
EndGlobal
