
Microsoft Visual Studio Solution File, Format Version 12.00
# Visual Studio Version 16
VisualStudioVersion = 16.0.31402.337
MinimumVisualStudioVersion = 10.0.40219.1
Project("{9A19103F-16F7-4668-BE54-9A1E7A4F7556}") = "Booker.Tests", "Booker.Tests\Booker.Tests.csproj", "{128AA720-9D5F-4C13-BAE9-D32A7B16851C}"
EndProject
Project("{9A19103F-16F7-4668-BE54-9A1E7A4F7556}") = "Booker", "Booker\Booker.csproj", "{D2475047-114B-40A5-B623-D7492B710FC0}"
EndProject
Project("{9A19103F-16F7-4668-BE54-9A1E7A4F7556}") = "Booker.DataAccess", "Booker.DataAccess\Booker.DataAccess.csproj", "{F50719AF-7268-49CE-87D3-30728550B381}"
EndProject
Project("{9A19103F-16F7-4668-BE54-9A1E7A4F7556}") = "Booker.DataAccess.Tests", "Booker.DataAccess.Tests\Booker.DataAccess.Tests.csproj", "{009B90DA-9AC3-41D7-9611-5EA1C2E1812F}"
EndProject
Project("{9A19103F-16F7-4668-BE54-9A1E7A4F7556}") = "Booker.Web", "Booker.Web\Booker.Web.csproj", "{F2518098-8C14-4A0D-96A0-4C29FBCE188F}"
EndProject
Project("{FAE04EC0-301F-11D3-BF4B-00C04F79EFBC}") = "Booker.Web.Tests", "Booker.Web.Tests\Booker.Web.Tests.csproj", "{F7E0511F-749C-407B-904F-069B0DDD81F1}"
EndProject
Global
	GlobalSection(SolutionConfigurationPlatforms) = preSolution
		Debug|Any CPU = Debug|Any CPU
		Release|Any CPU = Release|Any CPU
	EndGlobalSection
	GlobalSection(ProjectConfigurationPlatforms) = postSolution
		{128AA720-9D5F-4C13-BAE9-D32A7B16851C}.Debug|Any CPU.ActiveCfg = Debug|Any CPU
		{128AA720-9D5F-4C13-BAE9-D32A7B16851C}.Debug|Any CPU.Build.0 = Debug|Any CPU
		{128AA720-9D5F-4C13-BAE9-D32A7B16851C}.Release|Any CPU.ActiveCfg = Release|Any CPU
		{128AA720-9D5F-4C13-BAE9-D32A7B16851C}.Release|Any CPU.Build.0 = Release|Any CPU
		{D2475047-114B-40A5-B623-D7492B710FC0}.Debug|Any CPU.ActiveCfg = Debug|Any CPU
		{D2475047-114B-40A5-B623-D7492B710FC0}.Debug|Any CPU.Build.0 = Debug|Any CPU
		{D2475047-114B-40A5-B623-D7492B710FC0}.Release|Any CPU.ActiveCfg = Release|Any CPU
		{D2475047-114B-40A5-B623-D7492B710FC0}.Release|Any CPU.Build.0 = Release|Any CPU
		{F50719AF-7268-49CE-87D3-30728550B381}.Debug|Any CPU.ActiveCfg = Debug|Any CPU
		{F50719AF-7268-49CE-87D3-30728550B381}.Debug|Any CPU.Build.0 = Debug|Any CPU
		{F50719AF-7268-49CE-87D3-30728550B381}.Release|Any CPU.ActiveCfg = Release|Any CPU
		{F50719AF-7268-49CE-87D3-30728550B381}.Release|Any CPU.Build.0 = Release|Any CPU
		{009B90DA-9AC3-41D7-9611-5EA1C2E1812F}.Debug|Any CPU.ActiveCfg = Debug|Any CPU
		{009B90DA-9AC3-41D7-9611-5EA1C2E1812F}.Debug|Any CPU.Build.0 = Debug|Any CPU
		{009B90DA-9AC3-41D7-9611-5EA1C2E1812F}.Release|Any CPU.ActiveCfg = Release|Any CPU
		{009B90DA-9AC3-41D7-9611-5EA1C2E1812F}.Release|Any CPU.Build.0 = Release|Any CPU
		{F2518098-8C14-4A0D-96A0-4C29FBCE188F}.Debug|Any CPU.ActiveCfg = Debug|Any CPU
		{F2518098-8C14-4A0D-96A0-4C29FBCE188F}.Debug|Any CPU.Build.0 = Debug|Any CPU
		{F2518098-8C14-4A0D-96A0-4C29FBCE188F}.Release|Any CPU.ActiveCfg = Release|Any CPU
		{F2518098-8C14-4A0D-96A0-4C29FBCE188F}.Release|Any CPU.Build.0 = Release|Any CPU
		{F7E0511F-749C-407B-904F-069B0DDD81F1}.Debug|Any CPU.ActiveCfg = Debug|Any CPU
		{F7E0511F-749C-407B-904F-069B0DDD81F1}.Debug|Any CPU.Build.0 = Debug|Any CPU
		{F7E0511F-749C-407B-904F-069B0DDD81F1}.Release|Any CPU.ActiveCfg = Release|Any CPU
		{F7E0511F-749C-407B-904F-069B0DDD81F1}.Release|Any CPU.Build.0 = Release|Any CPU
	EndGlobalSection
	GlobalSection(SolutionProperties) = preSolution
		HideSolutionNode = FALSE
	EndGlobalSection
	GlobalSection(ExtensibilityGlobals) = postSolution
		SolutionGuid = {9B282669-1A6B-4434-A771-7F2B05B9689D}
	EndGlobalSection
EndGlobal
